
Microsoft Visual Studio Solution File, Format Version 12.00
# Visual Studio Version 17
VisualStudioVersion = 17.9.34701.34
MinimumVisualStudioVersion = 10.0.40219.1
Project("{FAE04EC0-301F-11D3-BF4B-00C04F79EFBC}") = "Outlook_Connection_Checker", "Outlook_Connection_Checker\Outlook_Connection_Checker.csproj", "{F5D31822-0F73-4F94-BFD1-8162855A6C33}"
EndProject
Global
	GlobalSection(SolutionConfigurationPlatforms) = preSolution
		Debug|Any CPU = Debug|Any CPU
		Release|Any CPU = Release|Any CPU
	EndGlobalSection
	GlobalSection(ProjectConfigurationPlatforms) = postSolution
		{F5D31822-0F73-4F94-BFD1-8162855A6C33}.Debug|Any CPU.ActiveCfg = Debug|Any CPU
		{F5D31822-0F73-4F94-BFD1-8162855A6C33}.Debug|Any CPU.Build.0 = Debug|Any CPU
		{F5D31822-0F73-4F94-BFD1-8162855A6C33}.Release|Any CPU.ActiveCfg = Release|Any CPU
		{F5D31822-0F73-4F94-BFD1-8162855A6C33}.Release|Any CPU.Build.0 = Release|Any CPU
	EndGlobalSection
	GlobalSection(SolutionProperties) = preSolution
		HideSolutionNode = FALSE
	EndGlobalSection
	GlobalSection(ExtensibilityGlobals) = postSolution
		SolutionGuid = {57A69A4D-C42F-476B-A9C0-FE973C65C892}
	EndGlobalSection
EndGlobal
